
Microsoft Visual Studio Solution File, Format Version 12.00
# Visual Studio Version 17
VisualStudioVersion = 17.7.34031.279
MinimumVisualStudioVersion = 10.0.40219.1
Project("{FAE04EC0-301F-11D3-BF4B-00C04F79EFBC}") = "MegaCasting.wpf", "MegaCasting.wpf\MegaCasting.wpf.csproj", "{EEB60193-2389-4D67-83F4-76F45E2FC5A1}"
EndProject
Project("{FAE04EC0-301F-11D3-BF4B-00C04F79EFBC}") = "MegaCasting.DBLib", "MegaCasting.DBLib\MegaCasting.DBLib.csproj", "{A693DA77-76D7-4148-85B1-23FA0B586492}"
EndProject
Project("{FAE04EC0-301F-11D3-BF4B-00C04F79EFBC}") = "MegaCasting.Core", "MegaCasting.Core\MegaCasting.Core.csproj", "{7FB36A6F-F51F-49E3-AEAA-E43380D5CB6F}"
EndProject
Global
	GlobalSection(SolutionConfigurationPlatforms) = preSolution
		Debug|Any CPU = Debug|Any CPU
		Release|Any CPU = Release|Any CPU
	EndGlobalSection
	GlobalSection(ProjectConfigurationPlatforms) = postSolution
		{EEB60193-2389-4D67-83F4-76F45E2FC5A1}.Debug|Any CPU.ActiveCfg = Debug|Any CPU
		{EEB60193-2389-4D67-83F4-76F45E2FC5A1}.Debug|Any CPU.Build.0 = Debug|Any CPU
		{EEB60193-2389-4D67-83F4-76F45E2FC5A1}.Release|Any CPU.ActiveCfg = Release|Any CPU
		{EEB60193-2389-4D67-83F4-76F45E2FC5A1}.Release|Any CPU.Build.0 = Release|Any CPU
		{A693DA77-76D7-4148-85B1-23FA0B586492}.Debug|Any CPU.ActiveCfg = Debug|Any CPU
		{A693DA77-76D7-4148-85B1-23FA0B586492}.Debug|Any CPU.Build.0 = Debug|Any CPU
		{A693DA77-76D7-4148-85B1-23FA0B586492}.Release|Any CPU.ActiveCfg = Release|Any CPU
		{A693DA77-76D7-4148-85B1-23FA0B586492}.Release|Any CPU.Build.0 = Release|Any CPU
		{7FB36A6F-F51F-49E3-AEAA-E43380D5CB6F}.Debug|Any CPU.ActiveCfg = Debug|Any CPU
		{7FB36A6F-F51F-49E3-AEAA-E43380D5CB6F}.Debug|Any CPU.Build.0 = Debug|Any CPU
		{7FB36A6F-F51F-49E3-AEAA-E43380D5CB6F}.Release|Any CPU.ActiveCfg = Release|Any CPU
		{7FB36A6F-F51F-49E3-AEAA-E43380D5CB6F}.Release|Any CPU.Build.0 = Release|Any CPU
	EndGlobalSection
	GlobalSection(SolutionProperties) = preSolution
		HideSolutionNode = FALSE
	EndGlobalSection
	GlobalSection(ExtensibilityGlobals) = postSolution
		SolutionGuid = {D07FE312-6684-44D9-B3C7-08DFEAF453BE}
	EndGlobalSection
EndGlobal
